
Microsoft Visual Studio Solution File, Format Version 12.00
# Visual Studio Version 16
VisualStudioVersion = 16.0.31727.386
MinimumVisualStudioVersion = 10.0.40219.1
Project("{9A19103F-16F7-4668-BE54-9A1E7A4F7556}") = "server", "server\server.csproj", "{54DC67F4-96EE-4D88-902E-DC75CC62F95E}"
EndProject
Project("{FAE04EC0-301F-11D3-BF4B-00C04F79EFBC}") = "Database installer", "Database installer\Database installer.csproj", "{46F48203-E34C-4734-9DED-862EE3EE1ABE}"
EndProject
Project("{888888A0-9F3D-457C-B088-3A5042F75D52}") = "pserver", "pserver\pserver.pyproj", "{4D238BC9-221C-4CA0-A673-7F5B91C6E39D}"
EndProject
Global
	GlobalSection(SolutionConfigurationPlatforms) = preSolution
		Debug|Any CPU = Debug|Any CPU
		Release|Any CPU = Release|Any CPU
	EndGlobalSection
	GlobalSection(ProjectConfigurationPlatforms) = postSolution
		{54DC67F4-96EE-4D88-902E-DC75CC62F95E}.Debug|Any CPU.ActiveCfg = Debug|Any CPU
		{54DC67F4-96EE-4D88-902E-DC75CC62F95E}.Debug|Any CPU.Build.0 = Debug|Any CPU
		{54DC67F4-96EE-4D88-902E-DC75CC62F95E}.Release|Any CPU.ActiveCfg = Release|Any CPU
		{54DC67F4-96EE-4D88-902E-DC75CC62F95E}.Release|Any CPU.Build.0 = Release|Any CPU
		{46F48203-E34C-4734-9DED-862EE3EE1ABE}.Debug|Any CPU.ActiveCfg = Debug|Any CPU
		{46F48203-E34C-4734-9DED-862EE3EE1ABE}.Debug|Any CPU.Build.0 = Debug|Any CPU
		{46F48203-E34C-4734-9DED-862EE3EE1ABE}.Release|Any CPU.ActiveCfg = Release|Any CPU
		{46F48203-E34C-4734-9DED-862EE3EE1ABE}.Release|Any CPU.Build.0 = Release|Any CPU
		{4D238BC9-221C-4CA0-A673-7F5B91C6E39D}.Debug|Any CPU.ActiveCfg = Debug|Any CPU
		{4D238BC9-221C-4CA0-A673-7F5B91C6E39D}.Release|Any CPU.ActiveCfg = Release|Any CPU
	EndGlobalSection
	GlobalSection(SolutionProperties) = preSolution
		HideSolutionNode = FALSE
	EndGlobalSection
	GlobalSection(ExtensibilityGlobals) = postSolution
		SolutionGuid = {448F476A-0001-406D-A522-DA81E61A284E}
	EndGlobalSection
EndGlobal
